github.com/atendi9/capivara v1.1.1 h1:wUyFW72tvL99mZpWoYD1SIF+kRwj2tm4Dx5wXRYo4ME=
github.com/atendi9/capivara v1.1.1/go.mod h1:O/G5B5bVAEXndeSQYoN+hMYcB+x4JttJ6FFTr5SqYv4=
github.com/atendi9/handlerx v1.0.1 h1:IEG2XOwsP5G8G13jwVS8V59CekyTAJ2ASem9F6/pvxw=
github.com/atendi9/handlerx v1.0.1/go.mod h1:y2tqSWMeh/BGmvslmW63HTREr82+M21Ry2+7bMZnzoM=
